
Microsoft Visual Studio Solution File, Format Version 12.00
# Visual Studio 15
VisualStudioVersion = 15.0.27428.2027
MinimumVisualStudioVersion = 10.0.40219.1
Project("{FAE04EC0-301F-11D3-BF4B-00C04F79EFBC}") = "Examen", "Examen\Examen.csproj", "{5856A75A-B67E-45F1-981C-A515092F38B7}"
EndProject
Global
	GlobalSection(SolutionConfigurationPlatforms) = preSolution
		Debug|Any CPU = Debug|Any CPU
		Release|Any CPU = Release|Any CPU
	EndGlobalSection
	GlobalSection(ProjectConfigurationPlatforms) = postSolution
		{5856A75A-B67E-45F1-981C-A515092F38B7}.Debug|Any CPU.ActiveCfg = Debug|Any CPU
		{5856A75A-B67E-45F1-981C-A515092F38B7}.Debug|Any CPU.Build.0 = Debug|Any CPU
		{5856A75A-B67E-45F1-981C-A515092F38B7}.Release|Any CPU.ActiveCfg = Release|Any CPU
		{5856A75A-B67E-45F1-981C-A515092F38B7}.Release|Any CPU.Build.0 = Release|Any CPU
	EndGlobalSection
	GlobalSection(SolutionProperties) = preSolution
		HideSolutionNode = FALSE
	EndGlobalSection
	GlobalSection(ExtensibilityGlobals) = postSolution
		SolutionGuid = {7B645B79-AED9-4DAD-A003-B831AA2E734A}
	EndGlobalSection
EndGlobal
